// !$*UTF8*$!
{
	archiveVersion = 1;
	classes = {
	};
	objectVersion = 50;
	objects = {

/* Begin PBXBuildFile section */
		AAD2BCCB246FD3A9009EA192 /* AppDelegate.swift in Sources */ = {isa = PBXBuildFile; fileRef = AAD2BCCA246FD3A9009EA192 /* AppDelegate.swift */; };
		AAD2BCCD246FD3A9009EA192 /* SceneDelegate.swift in Sources */ = {isa = PBXBuildFile; fileRef = AAD2BCCC246FD3A9009EA192 /* SceneDelegate.swift */; };
		AAD2BCCF246FD3A9009EA192 /* ViewController.swift in Sources */ = {isa = PBXBuildFile; fileRef = AAD2BCCE246FD3A9009EA192 /* ViewController.swift */; };
		AAD2BCD2246FD3A9009EA192 /* Main.storyboard in Resources */ = {isa = PBXBuildFile; fileRef = AAD2BCD0246FD3A9009EA192 /* Main.storyboard */; };
		AAD2BCD5246FD3A9009EA192 /* WhatsTheWeatherLike.xcdatamodeld in Sources */ = {isa = PBXBuildFile; fileRef = AAD2BCD3246FD3A9009EA192 /* WhatsTheWeatherLike.xcdatamodeld */; };
		AAD2BCD7246FD3AB009EA192 /* Assets.xcassets in Resources */ = {isa = PBXBuildFile; fileRef = AAD2BCD6246FD3AB009EA192 /* Assets.xcassets */; };
		AAD2BCDA246FD3AB009EA192 /* LaunchScreen.storyboard in Resources */ = {isa = PBXBuildFile; fileRef = AAD2BCD8246FD3AB009EA192 /* LaunchScreen.storyboard */; };
		AAD2BCE5246FD3AB009EA192 /* WhatsTheWeatherLikeTests.swift in Sources */ = {isa = PBXBuildFile; fileRef = AAD2BCE4246FD3AB009EA192 /* WhatsTheWeatherLikeTests.swift */; };
/* End PBXBuildFile section */

/* Begin PBXContainerItemProxy section */
		AAD2BCE1246FD3AB009EA192 /* PBXContainerItemProxy */ = {
			isa = PBXContainerItemProxy;
			containerPortal = AAD2BCBF246FD3A8009EA192 /* Project object */;
			proxyType = 1;
			remoteGlobalIDString = AAD2BCC6246FD3A9009EA192;
			remoteInfo = WhatsTheWeatherLike;
		};
/* End PBXContainerItemProxy section */

/* Begin PBXFileReference section */
		AAD2BCC7246FD3A9009EA192 /* WhatsTheWeatherLike.app */ = {isa = PBXFileReference; explicitFileType = wrapper.application; includeInIndex = 0; path = WhatsTheWeatherLike.app; sourceTree = BUILT_PRODUCTS_DIR; };
		AAD2BCCA246FD3A9009EA192 /* AppDelegate.swift */ = {isa = PBXFileReference; lastKnownFileType = sourcecode.swift; path = AppDelegate.swift; sourceTree = "<group>"; };
		AAD2BCCC246FD3A9009EA192 /* SceneDelegate.swift */ = {isa = PBXFileReference; lastKnownFileType = sourcecode.swift; path = SceneDelegate.swift; sourceTree = "<group>"; };
		AAD2BCCE246FD3A9009EA192 /* ViewController.swift */ = {isa = PBXFileReference; lastKnownFileType = sourcecode.swift; path = ViewController.swift; sourceTree = "<group>"; };
		AAD2BCD1246FD3A9009EA192 /* Base */ = {isa = PBXFileReference; lastKnownFileType = file.storyboard; name = Base; path = Base.lproj/Main.storyboard; sourceTree = "<group>"; };
		AAD2BCD4246FD3A9009EA192 /* WhatsTheWeatherLike.xcdatamodel */ = {isa = PBXFileReference; lastKnownFileType = wrapper.xcdatamodel; path = WhatsTheWeatherLike.xcdatamodel; sourceTree = "<group>"; };
		AAD2BCD6246FD3AB009EA192 /* Assets.xcassets */ = {isa = PBXFileReference; lastKnownFileType = folder.assetcatalog; path = Assets.xcassets; sourceTree = "<group>"; };
		AAD2BCD9246FD3AB009EA192 /* Base */ = {isa = PBXFileReference; lastKnownFileType = file.storyboard; name = Base; path = Base.lproj/LaunchScreen.storyboard; sourceTree = "<group>"; };
		AAD2BCDB246FD3AB009EA192 /* Info.plist */ = {isa = PBXFileReference; lastKnownFileType = text.plist.xml; path = Info.plist; sourceTree = "<group>"; };
		AAD2BCE0246FD3AB009EA192 /* WhatsTheWeatherLikeTests.xctest */ = {isa = PBXFileReference; explicitFileType = wrapper.cfbundle; includeInIndex = 0; path = WhatsTheWeatherLikeTests.xctest; sourceTree = BUILT_PRODUCTS_DIR; };
		AAD2BCE4246FD3AB009EA192 /* WhatsTheWeatherLikeTests.swift */ = {isa = PBXFileReference; lastKnownFileType = sourcecode.swift; path = WhatsTheWeatherLikeTests.swift; sourceTree = "<group>"; };
		AAD2BCE6246FD3AB009EA192 /* Info.plist */ = {isa = PBXFileReference; lastKnownFileType = text.plist.xml; path = Info.plist; sourceTree = "<group>"; };
/* End PBXFileReference section */

/* Begin PBXFrameworksBuildPhase section */
		AAD2BCC4246FD3A9009EA192 /* Frameworks */ = {
			isa = PBXFrameworksBuildPhase;
			buildActionMask = 2147483647;
			files = (
			);
			runOnlyForDeploymentPostprocessing = 0;
		};
		AAD2BCDD246FD3AB009EA192 /* Frameworks */ = {
			isa = PBXFrameworksBuildPhase;
			buildActionMask = 2147483647;
			files = (
			);
			runOnlyForDeploymentPostprocessing = 0;
		};
/* End PBXFrameworksBuildPhase section */

/* Begin PBXGroup section */
		AAD2BCBE246FD3A8009EA192 = {
			isa = PBXGroup;
			children = (
				AAD2BCC9246FD3A9009EA192 /* WhatsTheWeatherLike */,
				AAD2BCE3246FD3AB009EA192 /* WhatsTheWeatherLikeTests */,
				AAD2BCC8246FD3A9009EA192 /* Products */,
			);
			sourceTree = "<group>";
		};
		AAD2BCC8246FD3A9009EA192 /* Products */ = {
			isa = PBXGroup;
			children = (
				AAD2BCC7246FD3A9009EA192 /* WhatsTheWeatherLike.app */,
				AAD2BCE0246FD3AB009EA192 /* WhatsTheWeatherLikeTests.xctest */,
			);
			name = Products;
			sourceTree = "<group>";
		};
		AAD2BCC9246FD3A9009EA192 /* WhatsTheWeatherLike */ = {
			isa = PBXGroup;
			children = (
				AAD2BCCA246FD3A9009EA192 /* AppDelegate.swift */,
				AAD2BCCC246FD3A9009EA192 /* SceneDelegate.swift */,
				AAD2BCCE246FD3A9009EA192 /* ViewController.swift */,
				AAD2BCD0246FD3A9009EA192 /* Main.storyboard */,
				AAD2BCD6246FD3AB009EA192 /* Assets.xcassets */,
				AAD2BCD8246FD3AB009EA192 /* LaunchScreen.storyboard */,
				AAD2BCDB246FD3AB009EA192 /* Info.plist */,
				AAD2BCD3246FD3A9009EA192 /* WhatsTheWeatherLike.xcdatamodeld */,
			);
			path = WhatsTheWeatherLike;
			sourceTree = "<group>";
		};
		AAD2BCE3246FD3AB009EA192 /* WhatsTheWeatherLikeTests */ = {
			isa = PBXGroup;
			children = (
				AAD2BCE4246FD3AB009EA192 /* WhatsTheWeatherLikeTests.swift */,
				AAD2BCE6246FD3AB009EA192 /* Info.plist */,
			);
			path = WhatsTheWeatherLikeTests;
			sourceTree = "<group>";
		};
/* End PBXGroup section */

/* Begin PBXNativeTarget section */
		AAD2BCC6246FD3A9009EA192 /* WhatsTheWeatherLike */ = {
			isa = PBXNativeTarget;
			buildConfigurationList = AAD2BCE9246FD3AB009EA192 /* Build configuration list for PBXNativeTarget "WhatsTheWeatherLike" */;
			buildPhases = (
				AAD2BCC3246FD3A9009EA192 /* Sources */,
				AAD2BCC4246FD3A9009EA192 /* Frameworks */,
				AAD2BCC5246FD3A9009EA192 /* Resources */,
			);
			buildRules = (
			);
			dependencies = (
			);
			name = WhatsTheWeatherLike;
			productName = WhatsTheWeatherLike;
			productReference = AAD2BCC7246FD3A9009EA192 /* WhatsTheWeatherLike.app */;
			productType = "com.apple.product-type.application";
		};
		AAD2BCDF246FD3AB009EA192 /* WhatsTheWeatherLikeTests */ = {
			isa = PBXNativeTarget;
			buildConfigurationList = AAD2BCEC246FD3AB009EA192 /* Build configuration list for PBXNativeTarget "WhatsTheWeatherLikeTests" */;
			buildPhases = (
				AAD2BCDC246FD3AB009EA192 /* Sources */,
				AAD2BCDD246FD3AB009EA192 /* Frameworks */,
				AAD2BCDE246FD3AB009EA192 /* Resources */,
			);
			buildRules = (
			);
			dependencies = (
				AAD2BCE2246FD3AB009EA192 /* PBXTargetDependency */,
			);
			name = WhatsTheWeatherLikeTests;
			productName = WhatsTheWeatherLikeTests;
			productReference = AAD2BCE0246FD3AB009EA192 /* WhatsTheWeatherLikeTests.xctest */;
			productType = "com.apple.product-type.bundle.unit-test";
		};
/* End PBXNativeTarget section */

/* Begin PBXProject section */
		AAD2BCBF246FD3A8009EA192 /* Project object */ = {
			isa = PBXProject;
			attributes = {
				LastSwiftUpdateCheck = 1140;
				LastUpgradeCheck = 1140;
				ORGANIZATIONNAME = "Amanda Baret";
				TargetAttributes = {
					AAD2BCC6246FD3A9009EA192 = {
						CreatedOnToolsVersion = 11.4.1;
					};
					AAD2BCDF246FD3AB009EA192 = {
						CreatedOnToolsVersion = 11.4.1;
						TestTargetID = AAD2BCC6246FD3A9009EA192;
					};
				};
			};
			buildConfigurationList = AAD2BCC2246FD3A8009EA192 /* Build configuration list for PBXProject "WhatsTheWeatherLike" */;
			compatibilityVersion = "Xcode 9.3";
			developmentRegion = en;
			hasScannedForEncodings = 0;
			knownRegions = (
				en,
				Base,
			);
			mainGroup = AAD2BCBE246FD3A8009EA192;
			productRefGroup = AAD2BCC8246FD3A9009EA192 /* Products */;
			projectDirPath = "";
			projectRoot = "";
			targets = (
				AAD2BCC6246FD3A9009EA192 /* WhatsTheWeatherLike */,
				AAD2BCDF246FD3AB009EA192 /* WhatsTheWeatherLikeTests */,
			);
		};
/* End PBXProject section */

/* Begin PBXResourcesBuildPhase section */
		AAD2BCC5246FD3A9009EA192 /* Resources */ = {
			isa = PBXResourcesBuildPhase;
			buildActionMask = 2147483647;
			files = (
				AAD2BCDA246FD3AB009EA192 /* LaunchScreen.storyboard in Resources */,
				AAD2BCD7246FD3AB009EA192 /* Assets.xcassets in Resources */,
				AAD2BCD2246FD3A9009EA192 /* Main.storyboard in Resources */,
			);
			runOnlyForDeploymentPostprocessing = 0;
		};
		AAD2BCDE246FD3AB009EA192 /* Resources */ = {
			isa = PBXResourcesBuildPhase;
			buildActionMask = 2147483647;
			files = (
			);
			runOnlyForDeploymentPostprocessing = 0;
		};
/* End PBXResourcesBuildPhase section */

/* Begin PBXSourcesBuildPhase section */
		AAD2BCC3246FD3A9009EA192 /* Sources */ = {
			isa = PBXSourcesBuildPhase;
			buildActionMask = 2147483647;
			files = (
				AAD2BCCF246FD3A9009EA192 /* ViewController.swift in Sources */,
				AAD2BCCB246FD3A9009EA192 /* AppDelegate.swift in Sources */,
				AAD2BCD5246FD3A9009EA192 /* WhatsTheWeatherLike.xcdatamodeld in Sources */,
				AAD2BCCD246FD3A9009EA192 /* SceneDelegate.swift in Sources */,
			);
			runOnlyForDeploymentPostprocessing = 0;
		};
		AAD2BCDC246FD3AB009EA192 /* Sources */ = {
			isa = PBXSourcesBuildPhase;
			buildActionMask = 2147483647;
			files = (
				AAD2BCE5246FD3AB009EA192 /* WhatsTheWeatherLikeTests.swift in Sources */,
			);
			runOnlyForDeploymentPostprocessing = 0;
		};
/* End PBXSourcesBuildPhase section */

/* Begin PBXTargetDependency section */
		AAD2BCE2246FD3AB009EA192 /* PBXTargetDependency */ = {
			isa = PBXTargetDependency;
			target = AAD2BCC6246FD3A9009EA192 /* WhatsTheWeatherLike */;
			targetProxy = AAD2BCE1246FD3AB009EA192 /* PBXContainerItemProxy */;
		};
/* End PBXTargetDependency section */

/* Begin PBXVariantGroup section */
		AAD2BCD0246FD3A9009EA192 /* Main.storyboard */ = {
			isa = PBXVariantGroup;
			children = (
				AAD2BCD1246FD3A9009EA192 /* Base */,
			);
			name = Main.storyboard;
			sourceTree = "<group>";
		};
		AAD2BCD8246FD3AB009EA192 /* LaunchScreen.storyboard */ = {
			isa = PBXVariantGroup;
			children = (
				AAD2BCD9246FD3AB009EA192 /* Base */,
			);
			name = LaunchScreen.storyboard;
			sourceTree = "<group>";
		};
/* End PBXVariantGroup section */

/* Begin XCBuildConfiguration section */
		AAD2BCE7246FD3AB009EA192 /* Debug */ = {
			isa = XCBuildConfiguration;
			buildSettings = {
				ALWAYS_SEARCH_USER_PATHS = NO;
				CLANG_ANALYZER_NONNULL = YES;
				CLANG_ANALYZER_NUMBER_OBJECT_CONVERSION = YES_AGGRESSIVE;
				CLANG_CXX_LANGUAGE_STANDARD = "gnu++14";
				CLANG_CXX_LIBRARY = "libc++";
				CLANG_ENABLE_MODULES = YES;
				CLANG_ENABLE_OBJC_ARC = YES;
				CLANG_ENABLE_OBJC_WEAK = YES;
				CLANG_WARN_BLOCK_CAPTURE_AUTORELEASING = YES;
				CLANG_WARN_BOOL_CONVERSION = YES;
				CLANG_WARN_COMMA = YES;
				CLANG_WARN_CONSTANT_CONVERSION = YES;
				CLANG_WARN_DEPRECATED_OBJC_IMPLEMENTATIONS = YES;
				CLANG_WARN_DIRECT_OBJC_ISA_USAGE = YES_ERROR;
				CLANG_WARN_DOCUMENTATION_COMMENTS = YES;
				CLANG_WARN_EMPTY_BODY = YES;
				CLANG_WARN_ENUM_CONVERSION = YES;
				CLANG_WARN_INFINITE_RECURSION = YES;
				CLANG_WARN_INT_CONVERSION = YES;
				CLANG_WARN_NON_LITERAL_NULL_CONVERSION = YES;
				CLANG_WARN_OBJC_IMPLICIT_RETAIN_SELF = YES;
				CLANG_WARN_OBJC_LITERAL_CONVERSION = YES;
				CLANG_WARN_OBJC_ROOT_CLASS = YES_ERROR;
				CLANG_WARN_RANGE_LOOP_ANALYSIS = YES;
				CLANG_WARN_STRICT_PROTOTYPES = YES;
				CLANG_WARN_SUSPICIOUS_MOVE = YES;
				CLANG_WARN_UNGUARDED_AVAILABILITY = YES_AGGRESSIVE;
				CLANG_WARN_UNREACHABLE_CODE = YES;
				CLANG_WARN__DUPLICATE_METHOD_MATCH = YES;
				COPY_PHASE_STRIP = NO;
				DEBUG_INFORMATION_FORMAT = dwarf;
				ENABLE_STRICT_OBJC_MSGSEND = YES;
				ENABLE_TESTABILITY = YES;
				GCC_C_LANGUAGE_STANDARD = gnu11;
				GCC_DYNAMIC_NO_PIC = NO;
				GCC_NO_COMMON_BLOCKS = YES;
				GCC_OPTIMIZATION_LEVEL = 0;
				GCC_PREPROCESSOR_DEFINITIONS = (
					"DEBUG=1",
					"$(inherited)",
				);
				GCC_WARN_64_TO_32_BIT_CONVERSION = YES;
				GCC_WARN_ABOUT_RETURN_TYPE = YES_ERROR;
				GCC_WARN_UNDECLARED_SELECTOR = YES;
				GCC_WARN_UNINITIALIZED_AUTOS = YES_AGGRESSIVE;
				GCC_WARN_UNUSED_FUNCTION = YES;
				GCC_WARN_UNUSED_VARIABLE = YES;
				IPHONEOS_DEPLOYMENT_TARGET = 13.4;
				MTL_ENABLE_DEBUG_INFO = INCLUDE_SOURCE;
				MTL_FAST_MATH = YES;
				ONLY_ACTIVE_ARCH = YES;
				SDKROOT = iphoneos;
				SWIFT_ACTIVE_COMPILATION_CONDITIONS = DEBUG;
				SWIFT_OPTIMIZATION_LEVEL = "-Onone";
			};
			name = Debug;
		};
		AAD2BCE8246FD3AB009EA192 /* Release */ = {
			isa = XCBuildConfiguration;
			buildSettings = {
				ALWAYS_SEARCH_USER_PATHS = NO;
				CLANG_ANALYZER_NONNULL = YES;
				CLANG_ANALYZER_NUMBER_OBJECT_CONVERSION = YES_AGGRESSIVE;
				CLANG_CXX_LANGUAGE_STANDARD = "gnu++14";
				CLANG_CXX_LIBRARY = "libc++";
				CLANG_ENABLE_MODULES = YES;
				CLANG_ENABLE_OBJC_ARC = YES;
				CLANG_ENABLE_OBJC_WEAK = YES;
				CLANG_WARN_BLOCK_CAPTURE_AUTORELEASING = YES;
				CLANG_WARN_BOOL_CONVERSION = YES;
				CLANG_WARN_COMMA = YES;
				CLANG_WARN_CONSTANT_CONVERSION = YES;
				CLANG_WARN_DEPRECATED_OBJC_IMPLEMENTATIONS = YES;
				CLANG_WARN_DIRECT_OBJC_ISA_USAGE = YES_ERROR;
				CLANG_WARN_DOCUMENTATION_COMMENTS = YES;
				CLANG_WARN_EMPTY_BODY = YES;
				CLANG_WARN_ENUM_CONVERSION = YES;
				CLANG_WARN_INFINITE_RECURSION = YES;
				CLANG_WARN_INT_CONVERSION = YES;
				CLANG_WARN_NON_LITERAL_NULL_CONVERSION = YES;
				CLANG_WARN_OBJC_IMPLICIT_RETAIN_SELF = YES;
				CLANG_WARN_OBJC_LITERAL_CONVERSION = YES;
				CLANG_WARN_OBJC_ROOT_CLASS = YES_ERROR;
				CLANG_WARN_RANGE_LOOP_ANALYSIS = YES;
				CLANG_WARN_STRICT_PROTOTYPES = YES;
				CLANG_WARN_SUSPICIOUS_MOVE = YES;
				CLANG_WARN_UNGUARDED_AVAILABILITY = YES_AGGRESSIVE;
				CLANG_WARN_UNREACHABLE_CODE = YES;
				CLANG_WARN__DUPLICATE_METHOD_MATCH = YES;
				COPY_PHASE_STRIP = NO;
				DEBUG_INFORMATION_FORMAT = "dwarf-with-dsym";
				ENABLE_NS_ASSERTIONS = NO;
				ENABLE_STRICT_OBJC_MSGSEND = YES;
				GCC_C_LANGUAGE_STANDARD = gnu11;
				GCC_NO_COMMON_BLOCKS = YES;
				GCC_WARN_64_TO_32_BIT_CONVERSION = YES;
				GCC_WARN_ABOUT_RETURN_TYPE = YES_ERROR;
				GCC_WARN_UNDECLARED_SELECTOR = YES;
				GCC_WARN_UNINITIALIZED_AUTOS = YES_AGGRESSIVE;
				GCC_WARN_UNUSED_FUNCTION = YES;
				GCC_WARN_UNUSED_VARIABLE = YES;
				IPHONEOS_DEPLOYMENT_TARGET = 13.4;
				MTL_ENABLE_DEBUG_INFO = NO;
				MTL_FAST_MATH = YES;
				SDKROOT = iphoneos;
				SWIFT_COMPILATION_MODE = wholemodule;
				SWIFT_OPTIMIZATION_LEVEL = "-O";
				VALIDATE_PRODUCT = YES;
			};
			name = Release;
		};
		AAD2BCEA246FD3AB009EA192 /* Debug */ = {
			isa = XCBuildConfiguration;
			buildSettings = {
				ASSETCATALOG_COMPILER_APPICON_NAME = AppIcon;
				CODE_SIGN_STYLE = Automatic;
				DEVELOPMENT_TEAM = C9SNV968T4;
				INFOPLIST_FILE = WhatsTheWeatherLike/Info.plist;
				LD_RUNPATH_SEARCH_PATHS = (
					"$(inherited)",
					"@executable_path/Frameworks",
				);
				PRODUCT_BUNDLE_IDENTIFIER = com.ursling.WhatsTheWeatherLike;
				PRODUCT_NAME = "$(TARGET_NAME)";
				SWIFT_VERSION = 5.0;
				TARGETED_DEVICE_FAMILY = "1,2";
			};
			name = Debug;
		};
		AAD2BCEB246FD3AB009EA192 /* Release */ = {
			isa = XCBuildConfiguration;
			buildSettings = {
				ASSETCATALOG_COMPILER_APPICON_NAME = AppIcon;
				CODE_SIGN_STYLE = Automatic;
				DEVELOPMENT_TEAM = C9SNV968T4;
				INFOPLIST_FILE = WhatsTheWeatherLike/Info.plist;
				LD_RUNPATH_SEARCH_PATHS = (
					"$(inherited)",
					"@executable_path/Frameworks",
				);
				PRODUCT_BUNDLE_IDENTIFIER = com.ursling.WhatsTheWeatherLike;
				PRODUCT_NAME = "$(TARGET_NAME)";
				SWIFT_VERSION = 5.0;
				TARGETED_DEVICE_FAMILY = "1,2";
			};
			name = Release;
		};
		AAD2BCED246FD3AB009EA192 /* Debug */ = {
			isa = XCBuildConfiguration;
			buildSettings = {
				ALWAYS_EMBED_SWIFT_STANDARD_LIBRARIES = YES;
				BUNDLE_LOADER = "$(TEST_HOST)";
				CODE_SIGN_STYLE = Automatic;
				DEVELOPMENT_TEAM = C9SNV968T4;
				INFOPLIST_FILE = WhatsTheWeatherLikeTests/Info.plist;
				IPHONEOS_DEPLOYMENT_TARGET = 13.4;
				LD_RUNPATH_SEARCH_PATHS = (
					"$(inherited)",
					"@executable_path/Frameworks",
					"@loader_path/Frameworks",
				);
				PRODUCT_BUNDLE_IDENTIFIER = com.ursling.WhatsTheWeatherLikeTests;
				PRODUCT_NAME = "$(TARGET_NAME)";
				SWIFT_VERSION = 5.0;
				TARGETED_DEVICE_FAMILY = "1,2";
				TEST_HOST = "$(BUILT_PRODUCTS_DIR)/WhatsTheWeatherLike.app/WhatsTheWeatherLike";
			};
			name = Debug;
		};
		AAD2BCEE246FD3AB009EA192 /* Release */ = {
			isa = XCBuildConfiguration;
			buildSettings = {
				ALWAYS_EMBED_SWIFT_STANDARD_LIBRARIES = YES;
				BUNDLE_LOADER = "$(TEST_HOST)";
				CODE_SIGN_STYLE = Automatic;
				DEVELOPMENT_TEAM = C9SNV968T4;
				INFOPLIST_FILE = WhatsTheWeatherLikeTests/Info.plist;
				IPHONEOS_DEPLOYMENT_TARGET = 13.4;
				LD_RUNPATH_SEARCH_PATHS = (
					"$(inherited)",
					"@executable_path/Frameworks",
					"@loader_path/Frameworks",
				);
				PRODUCT_BUNDLE_IDENTIFIER = com.ursling.WhatsTheWeatherLikeTests;
				PRODUCT_NAME = "$(TARGET_NAME)";
				SWIFT_VERSION = 5.0;
				TARGETED_DEVICE_FAMILY = "1,2";
				TEST_HOST = "$(BUILT_PRODUCTS_DIR)/WhatsTheWeatherLike.app/WhatsTheWeatherLike";
			};
			name = Release;
		};
/* End XCBuildConfiguration section */

/* Begin XCConfigurationList section */
		AAD2BCC2246FD3A8009EA192 /* Build configuration list for PBXProject "WhatsTheWeatherLike" */ = {
			isa = XCConfigurationList;
			buildConfigurations = (
				AAD2BCE7246FD3AB009EA192 /* Debug */,
				AAD2BCE8246FD3AB009EA192 /* Release */,
			);
			defaultConfigurationIsVisible = 0;
			defaultConfigurationName = Release;
		};
		AAD2BCE9246FD3AB009EA192 /* Build configuration list for PBXNativeTarget "WhatsTheWeatherLike" */ = {
			isa = XCConfigurationList;
			buildConfigurations = (
				AAD2BCEA246FD3AB009EA192 /* Debug */,
				AAD2BCEB246FD3AB009EA192 /* Release */,
			);
			defaultConfigurationIsVisible = 0;
			defaultConfigurationName = Release;
		};
		AAD2BCEC246FD3AB009EA192 /* Build configuration list for PBXNativeTarget "WhatsTheWeatherLikeTests" */ = {
			isa = XCConfigurationList;
			buildConfigurations = (
				AAD2BCED246FD3AB009EA192 /* Debug */,
				AAD2BCEE246FD3AB009EA192 /* Release */,
			);
			defaultConfigurationIsVisible = 0;
			defaultConfigurationName = Release;
		};
/* End XCConfigurationList section */

/* Begin XCVersionGroup section */
		AAD2BCD3246FD3A9009EA192 /* WhatsTheWeatherLike.xcdatamodeld */ = {
			isa = XCVersionGroup;
			children = (
				AAD2BCD4246FD3A9009EA192 /* WhatsTheWeatherLike.xcdatamodel */,
			);
			currentVersion = AAD2BCD4246FD3A9009EA192 /* WhatsTheWeatherLike.xcdatamodel */;
			path = WhatsTheWeatherLike.xcdatamodeld;
			sourceTree = "<group>";
			versionGroupType = wrapper.xcdatamodel;
		};
/* End XCVersionGroup section */
	};
	rootObject = AAD2BCBF246FD3A8009EA192 /* Project object */;
}
